
Microsoft Visual Studio Solution File, Format Version 12.00
# Visual Studio Version 17
VisualStudioVersion = 17.5.002.0
MinimumVisualStudioVersion = 10.0.40219.1
Project("{9A19103F-16F7-4668-BE54-9A1E7A4F7556}") = "Sample code", "Sample code.csproj", "{FDE98E67-060D-496E-B467-501372F58D9E}"
EndProject
Global
	GlobalSection(SolutionConfigurationPlatforms) = preSolution
		Debug|Any CPU = Debug|Any CPU
		Release|Any CPU = Release|Any CPU
	EndGlobalSection
	GlobalSection(ProjectConfigurationPlatforms) = postSolution
		{FDE98E67-060D-496E-B467-501372F58D9E}.Debug|Any CPU.ActiveCfg = Debug|Any CPU
		{FDE98E67-060D-496E-B467-501372F58D9E}.Debug|Any CPU.Build.0 = Debug|Any CPU
		{FDE98E67-060D-496E-B467-501372F58D9E}.Release|Any CPU.ActiveCfg = Release|Any CPU
		{FDE98E67-060D-496E-B467-501372F58D9E}.Release|Any CPU.Build.0 = Release|Any CPU
	EndGlobalSection
	GlobalSection(SolutionProperties) = preSolution
		HideSolutionNode = FALSE
	EndGlobalSection
	GlobalSection(ExtensibilityGlobals) = postSolution
		SolutionGuid = {F07EAF41-6693-4BDB-B8C8-F72F2DC740AE}
	EndGlobalSection
EndGlobal
